
Microsoft Visual Studio Solution File, Format Version 12.00
# Visual Studio Version 17
VisualStudioVersion = 17.2.32526.322
MinimumVisualStudioVersion = 10.0.40219.1
Project("{9A19103F-16F7-4668-BE54-9A1E7A4F7556}") = "OctopusWebAPI", "OctopusWebAPI\OctopusWebAPI.csproj", "{C2F65089-8E64-4911-B408-30628CCCA93E}"
EndProject
Project("{FAE04EC0-301F-11D3-BF4B-00C04F79EFBC}") = "OctopusBlazorWeb", "OctopusBlazorWeb\OctopusBlazorWeb.csproj", "{BC4DA45F-DB4B-4A0E-8D3B-432EE0770C30}"
EndProject
Global
	GlobalSection(SolutionConfigurationPlatforms) = preSolution
		Debug|Any CPU = Debug|Any CPU
		Release|Any CPU = Release|Any CPU
	EndGlobalSection
	GlobalSection(ProjectConfigurationPlatforms) = postSolution
		{C2F65089-8E64-4911-B408-30628CCCA93E}.Debug|Any CPU.ActiveCfg = Debug|Any CPU
		{C2F65089-8E64-4911-B408-30628CCCA93E}.Debug|Any CPU.Build.0 = Debug|Any CPU
		{C2F65089-8E64-4911-B408-30628CCCA93E}.Release|Any CPU.ActiveCfg = Release|Any CPU
		{C2F65089-8E64-4911-B408-30628CCCA93E}.Release|Any CPU.Build.0 = Release|Any CPU
		{BC4DA45F-DB4B-4A0E-8D3B-432EE0770C30}.Debug|Any CPU.ActiveCfg = Debug|Any CPU
		{BC4DA45F-DB4B-4A0E-8D3B-432EE0770C30}.Debug|Any CPU.Build.0 = Debug|Any CPU
		{BC4DA45F-DB4B-4A0E-8D3B-432EE0770C30}.Release|Any CPU.ActiveCfg = Release|Any CPU
		{BC4DA45F-DB4B-4A0E-8D3B-432EE0770C30}.Release|Any CPU.Build.0 = Release|Any CPU
	EndGlobalSection
	GlobalSection(SolutionProperties) = preSolution
		HideSolutionNode = FALSE
	EndGlobalSection
	GlobalSection(ExtensibilityGlobals) = postSolution
		SolutionGuid = {C95B7224-8883-4A07-BA50-5D039435B46C}
	EndGlobalSection
EndGlobal
